
Microsoft Visual Studio Solution File, Format Version 12.00
# Visual Studio Version 17
VisualStudioVersion = 17.0.31903.59
MinimumVisualStudioVersion = 10.0.40219.1
Project("{FAE04EC0-301F-11D3-BF4B-00C04F79EFBC}") = "ArquitecturePattern.API", "ArquitecturePattern.API\ArquitecturePattern.API.csproj", "{7862C73F-33AE-48E4-9E68-FE6618DB54AF}"
EndProject
Project("{FAE04EC0-301F-11D3-BF4B-00C04F79EFBC}") = "ArquitecturePattern.Domain", "ArquitecturePattern.Domain\ArquitecturePattern.Domain.csproj", "{C518AEE7-6FF6-43B1-AC38-BDBE25F815A6}"
EndProject
Project("{FAE04EC0-301F-11D3-BF4B-00C04F79EFBC}") = "ArquitecturePattern.Infrastructure", "ArquitecturePattern.Infrastructure\ArquitecturePattern.Infrastructure.csproj", "{6C4DAA32-2699-472F-A80F-AA8B9C66DB5A}"
EndProject
Project("{2150E333-8FDC-42A3-9474-1A3956D46DE8}") = "API", "API", "{02EA681E-C7D8-13C7-8484-4AC65E1B71E8}"
EndProject
Project("{2150E333-8FDC-42A3-9474-1A3956D46DE8}") = "Domain", "Domain", "{BACD2AF4-3338-49CD-8FDA-0FECC614BF63}"
EndProject
Project("{2150E333-8FDC-42A3-9474-1A3956D46DE8}") = "Infrastructure", "Infrastructure", "{43498844-4903-4F03-B779-F300B3745962}"
EndProject
Project("{2150E333-8FDC-42A3-9474-1A3956D46DE8}") = "Commands", "Commands", "{828DDDAD-2EB4-4252-A856-FAF6CF69C1D0}"
EndProject
Project("{2150E333-8FDC-42A3-9474-1A3956D46DE8}") = "Queries", "Queries", "{E1D99DA1-6926-4E87-BE16-CC2E582AFD40}"
EndProject
Project("{2150E333-8FDC-42A3-9474-1A3956D46DE8}") = "Shared", "Shared", "{03A7FCEC-1A60-458C-9D10-6EA0ED9FA013}"
EndProject
Project("{FAE04EC0-301F-11D3-BF4B-00C04F79EFBC}") = "ArquitecturePattern.Commands", "ArquitecturePattern.Commands\ArquitecturePattern.Commands.csproj", "{A1E53E38-65D5-4CD8-9FBA-D5D02C9BFE49}"
EndProject
Project("{FAE04EC0-301F-11D3-BF4B-00C04F79EFBC}") = "ArquitecturePattern.Queries", "ArquitecturePattern.Queries\ArquitecturePattern.Queries.csproj", "{58A3F94F-9BC0-4445-BE6F-3C2C94462B11}"
EndProject
Project("{FAE04EC0-301F-11D3-BF4B-00C04F79EFBC}") = "ArquitecturePattern.Shared", "ArquitecturePattern.Shared\ArquitecturePattern.Shared.csproj", "{D09B45E7-7E1A-4BC5-AE54-53E955C060FF}"
EndProject
Global
	GlobalSection(SolutionConfigurationPlatforms) = preSolution
		Debug|Any CPU = Debug|Any CPU
		Debug|x64 = Debug|x64
		Debug|x86 = Debug|x86
		Release|Any CPU = Release|Any CPU
		Release|x64 = Release|x64
		Release|x86 = Release|x86
	EndGlobalSection
	GlobalSection(ProjectConfigurationPlatforms) = postSolution
		{7862C73F-33AE-48E4-9E68-FE6618DB54AF}.Debug|Any CPU.ActiveCfg = Debug|Any CPU
		{7862C73F-33AE-48E4-9E68-FE6618DB54AF}.Debug|Any CPU.Build.0 = Debug|Any CPU
		{7862C73F-33AE-48E4-9E68-FE6618DB54AF}.Debug|x64.ActiveCfg = Debug|Any CPU
		{7862C73F-33AE-48E4-9E68-FE6618DB54AF}.Debug|x64.Build.0 = Debug|Any CPU
		{7862C73F-33AE-48E4-9E68-FE6618DB54AF}.Debug|x86.ActiveCfg = Debug|Any CPU
		{7862C73F-33AE-48E4-9E68-FE6618DB54AF}.Debug|x86.Build.0 = Debug|Any CPU
		{7862C73F-33AE-48E4-9E68-FE6618DB54AF}.Release|Any CPU.ActiveCfg = Release|Any CPU
		{7862C73F-33AE-48E4-9E68-FE6618DB54AF}.Release|Any CPU.Build.0 = Release|Any CPU
		{7862C73F-33AE-48E4-9E68-FE6618DB54AF}.Release|x64.ActiveCfg = Release|Any CPU
		{7862C73F-33AE-48E4-9E68-FE6618DB54AF}.Release|x64.Build.0 = Release|Any CPU
		{7862C73F-33AE-48E4-9E68-FE6618DB54AF}.Release|x86.ActiveCfg = Release|Any CPU
		{7862C73F-33AE-48E4-9E68-FE6618DB54AF}.Release|x86.Build.0 = Release|Any CPU
		{C518AEE7-6FF6-43B1-AC38-BDBE25F815A6}.Debug|Any CPU.ActiveCfg = Debug|Any CPU
		{C518AEE7-6FF6-43B1-AC38-BDBE25F815A6}.Debug|Any CPU.Build.0 = Debug|Any CPU
		{C518AEE7-6FF6-43B1-AC38-BDBE25F815A6}.Debug|x64.ActiveCfg = Debug|Any CPU
		{C518AEE7-6FF6-43B1-AC38-BDBE25F815A6}.Debug|x64.Build.0 = Debug|Any CPU
		{C518AEE7-6FF6-43B1-AC38-BDBE25F815A6}.Debug|x86.ActiveCfg = Debug|Any CPU
		{C518AEE7-6FF6-43B1-AC38-BDBE25F815A6}.Debug|x86.Build.0 = Debug|Any CPU
		{C518AEE7-6FF6-43B1-AC38-BDBE25F815A6}.Release|Any CPU.ActiveCfg = Release|Any CPU
		{C518AEE7-6FF6-43B1-AC38-BDBE25F815A6}.Release|Any CPU.Build.0 = Release|Any CPU
		{C518AEE7-6FF6-43B1-AC38-BDBE25F815A6}.Release|x64.ActiveCfg = Release|Any CPU
		{C518AEE7-6FF6-43B1-AC38-BDBE25F815A6}.Release|x64.Build.0 = Release|Any CPU
		{C518AEE7-6FF6-43B1-AC38-BDBE25F815A6}.Release|x86.ActiveCfg = Release|Any CPU
		{C518AEE7-6FF6-43B1-AC38-BDBE25F815A6}.Release|x86.Build.0 = Release|Any CPU
		{6C4DAA32-2699-472F-A80F-AA8B9C66DB5A}.Debug|Any CPU.ActiveCfg = Debug|Any CPU
		{6C4DAA32-2699-472F-A80F-AA8B9C66DB5A}.Debug|Any CPU.Build.0 = Debug|Any CPU
		{6C4DAA32-2699-472F-A80F-AA8B9C66DB5A}.Debug|x64.ActiveCfg = Debug|Any CPU
		{6C4DAA32-2699-472F-A80F-AA8B9C66DB5A}.Debug|x64.Build.0 = Debug|Any CPU
		{6C4DAA32-2699-472F-A80F-AA8B9C66DB5A}.Debug|x86.ActiveCfg = Debug|Any CPU
		{6C4DAA32-2699-472F-A80F-AA8B9C66DB5A}.Debug|x86.Build.0 = Debug|Any CPU
		{6C4DAA32-2699-472F-A80F-AA8B9C66DB5A}.Release|Any CPU.ActiveCfg = Release|Any CPU
		{6C4DAA32-2699-472F-A80F-AA8B9C66DB5A}.Release|Any CPU.Build.0 = Release|Any CPU
		{6C4DAA32-2699-472F-A80F-AA8B9C66DB5A}.Release|x64.ActiveCfg = Release|Any CPU
		{6C4DAA32-2699-472F-A80F-AA8B9C66DB5A}.Release|x64.Build.0 = Release|Any CPU
		{6C4DAA32-2699-472F-A80F-AA8B9C66DB5A}.Release|x86.ActiveCfg = Release|Any CPU
		{6C4DAA32-2699-472F-A80F-AA8B9C66DB5A}.Release|x86.Build.0 = Release|Any CPU
		{A1E53E38-65D5-4CD8-9FBA-D5D02C9BFE49}.Debug|Any CPU.ActiveCfg = Debug|Any CPU
		{A1E53E38-65D5-4CD8-9FBA-D5D02C9BFE49}.Debug|Any CPU.Build.0 = Debug|Any CPU
		{A1E53E38-65D5-4CD8-9FBA-D5D02C9BFE49}.Debug|x64.ActiveCfg = Debug|Any CPU
		{A1E53E38-65D5-4CD8-9FBA-D5D02C9BFE49}.Debug|x64.Build.0 = Debug|Any CPU
		{A1E53E38-65D5-4CD8-9FBA-D5D02C9BFE49}.Debug|x86.ActiveCfg = Debug|Any CPU
		{A1E53E38-65D5-4CD8-9FBA-D5D02C9BFE49}.Debug|x86.Build.0 = Debug|Any CPU
		{A1E53E38-65D5-4CD8-9FBA-D5D02C9BFE49}.Release|Any CPU.ActiveCfg = Release|Any CPU
		{A1E53E38-65D5-4CD8-9FBA-D5D02C9BFE49}.Release|Any CPU.Build.0 = Release|Any CPU
		{A1E53E38-65D5-4CD8-9FBA-D5D02C9BFE49}.Release|x64.ActiveCfg = Release|Any CPU
		{A1E53E38-65D5-4CD8-9FBA-D5D02C9BFE49}.Release|x64.Build.0 = Release|Any CPU
		{A1E53E38-65D5-4CD8-9FBA-D5D02C9BFE49}.Release|x86.ActiveCfg = Release|Any CPU
		{A1E53E38-65D5-4CD8-9FBA-D5D02C9BFE49}.Release|x86.Build.0 = Release|Any CPU
		{58A3F94F-9BC0-4445-BE6F-3C2C94462B11}.Debug|Any CPU.ActiveCfg = Debug|Any CPU
		{58A3F94F-9BC0-4445-BE6F-3C2C94462B11}.Debug|Any CPU.Build.0 = Debug|Any CPU
		{58A3F94F-9BC0-4445-BE6F-3C2C94462B11}.Debug|x64.ActiveCfg = Debug|Any CPU
		{58A3F94F-9BC0-4445-BE6F-3C2C94462B11}.Debug|x64.Build.0 = Debug|Any CPU
		{58A3F94F-9BC0-4445-BE6F-3C2C94462B11}.Debug|x86.ActiveCfg = Debug|Any CPU
		{58A3F94F-9BC0-4445-BE6F-3C2C94462B11}.Debug|x86.Build.0 = Debug|Any CPU
		{58A3F94F-9BC0-4445-BE6F-3C2C94462B11}.Release|Any CPU.ActiveCfg = Release|Any CPU
		{58A3F94F-9BC0-4445-BE6F-3C2C94462B11}.Release|Any CPU.Build.0 = Release|Any CPU
		{58A3F94F-9BC0-4445-BE6F-3C2C94462B11}.Release|x64.ActiveCfg = Release|Any CPU
		{58A3F94F-9BC0-4445-BE6F-3C2C94462B11}.Release|x64.Build.0 = Release|Any CPU
		{58A3F94F-9BC0-4445-BE6F-3C2C94462B11}.Release|x86.ActiveCfg = Release|Any CPU
		{58A3F94F-9BC0-4445-BE6F-3C2C94462B11}.Release|x86.Build.0 = Release|Any CPU
		{D09B45E7-7E1A-4BC5-AE54-53E955C060FF}.Debug|Any CPU.ActiveCfg = Debug|Any CPU
		{D09B45E7-7E1A-4BC5-AE54-53E955C060FF}.Debug|Any CPU.Build.0 = Debug|Any CPU
		{D09B45E7-7E1A-4BC5-AE54-53E955C060FF}.Debug|x64.ActiveCfg = Debug|Any CPU
		{D09B45E7-7E1A-4BC5-AE54-53E955C060FF}.Debug|x64.Build.0 = Debug|Any CPU
		{D09B45E7-7E1A-4BC5-AE54-53E955C060FF}.Debug|x86.ActiveCfg = Debug|Any CPU
		{D09B45E7-7E1A-4BC5-AE54-53E955C060FF}.Debug|x86.Build.0 = Debug|Any CPU
		{D09B45E7-7E1A-4BC5-AE54-53E955C060FF}.Release|Any CPU.ActiveCfg = Release|Any CPU
		{D09B45E7-7E1A-4BC5-AE54-53E955C060FF}.Release|Any CPU.Build.0 = Release|Any CPU
		{D09B45E7-7E1A-4BC5-AE54-53E955C060FF}.Release|x64.ActiveCfg = Release|Any CPU
		{D09B45E7-7E1A-4BC5-AE54-53E955C060FF}.Release|x64.Build.0 = Release|Any CPU
		{D09B45E7-7E1A-4BC5-AE54-53E955C060FF}.Release|x86.ActiveCfg = Release|Any CPU
		{D09B45E7-7E1A-4BC5-AE54-53E955C060FF}.Release|x86.Build.0 = Release|Any CPU
	EndGlobalSection
	GlobalSection(SolutionProperties) = preSolution
		HideSolutionNode = FALSE
	EndGlobalSection
	GlobalSection(NestedProjects) = preSolution
		{7862C73F-33AE-48E4-9E68-FE6618DB54AF} = {02EA681E-C7D8-13C7-8484-4AC65E1B71E8}
		{C518AEE7-6FF6-43B1-AC38-BDBE25F815A6} = {BACD2AF4-3338-49CD-8FDA-0FECC614BF63}
		{6C4DAA32-2699-472F-A80F-AA8B9C66DB5A} = {43498844-4903-4F03-B779-F300B3745962}
		{A1E53E38-65D5-4CD8-9FBA-D5D02C9BFE49} = {828DDDAD-2EB4-4252-A856-FAF6CF69C1D0}
		{58A3F94F-9BC0-4445-BE6F-3C2C94462B11} = {E1D99DA1-6926-4E87-BE16-CC2E582AFD40}
		{D09B45E7-7E1A-4BC5-AE54-53E955C060FF} = {03A7FCEC-1A60-458C-9D10-6EA0ED9FA013}
	EndGlobalSection
	GlobalSection(ExtensibilityGlobals) = postSolution
		SolutionGuid = {9A6A9FB0-B0DB-4D3F-9909-7234F0C6587B}
	EndGlobalSection
EndGlobal
